
Microsoft Visual Studio Solution File, Format Version 12.00
# Visual Studio Version 17
VisualStudioVersion = 17.8.34330.188
MinimumVisualStudioVersion = 10.0.40219.1
Project("{FAE04EC0-301F-11D3-BF4B-00C04F79EFBC}") = "dvojka", "dvojka\dvojka.csproj", "{0709556F-78A7-46DB-B3D6-62AC9B8A93DA}"
EndProject
Global
	GlobalSection(SolutionConfigurationPlatforms) = preSolution
		Debug|Any CPU = Debug|Any CPU
		Release|Any CPU = Release|Any CPU
	EndGlobalSection
	GlobalSection(ProjectConfigurationPlatforms) = postSolution
		{0709556F-78A7-46DB-B3D6-62AC9B8A93DA}.Debug|Any CPU.ActiveCfg = Debug|Any CPU
		{0709556F-78A7-46DB-B3D6-62AC9B8A93DA}.Debug|Any CPU.Build.0 = Debug|Any CPU
		{0709556F-78A7-46DB-B3D6-62AC9B8A93DA}.Release|Any CPU.ActiveCfg = Release|Any CPU
		{0709556F-78A7-46DB-B3D6-62AC9B8A93DA}.Release|Any CPU.Build.0 = Release|Any CPU
	EndGlobalSection
	GlobalSection(SolutionProperties) = preSolution
		HideSolutionNode = FALSE
	EndGlobalSection
	GlobalSection(ExtensibilityGlobals) = postSolution
		SolutionGuid = {4DBF7F20-7168-40D0-8ADE-A11F52664846}
	EndGlobalSection
EndGlobal
